
Microsoft Visual Studio Solution File, Format Version 12.00
# Visual Studio Version 17
VisualStudioVersion = 17.1.32319.34
MinimumVisualStudioVersion = 10.0.40219.1
Project("{8BC9CEB8-8B4A-11D0-8D11-00A0C91BC942}") = "2557_Hello World", "2557_Hello World\2557_Hello World.vcxproj", "{B8462E9A-BDCE-4FDE-9BAE-4CE53B66EBBC}"
EndProject
Global
	GlobalSection(SolutionConfigurationPlatforms) = preSolution
		Debug|x64 = Debug|x64
		Debug|x86 = Debug|x86
		Release|x64 = Release|x64
		Release|x86 = Release|x86
	EndGlobalSection
	GlobalSection(ProjectConfigurationPlatforms) = postSolution
		{B8462E9A-BDCE-4FDE-9BAE-4CE53B66EBBC}.Debug|x64.ActiveCfg = Debug|x64
		{B8462E9A-BDCE-4FDE-9BAE-4CE53B66EBBC}.Debug|x64.Build.0 = Debug|x64
		{B8462E9A-BDCE-4FDE-9BAE-4CE53B66EBBC}.Debug|x86.ActiveCfg = Debug|Win32
		{B8462E9A-BDCE-4FDE-9BAE-4CE53B66EBBC}.Debug|x86.Build.0 = Debug|Win32
		{B8462E9A-BDCE-4FDE-9BAE-4CE53B66EBBC}.Release|x64.ActiveCfg = Release|x64
		{B8462E9A-BDCE-4FDE-9BAE-4CE53B66EBBC}.Release|x64.Build.0 = Release|x64
		{B8462E9A-BDCE-4FDE-9BAE-4CE53B66EBBC}.Release|x86.ActiveCfg = Release|Win32
		{B8462E9A-BDCE-4FDE-9BAE-4CE53B66EBBC}.Release|x86.Build.0 = Release|Win32
	EndGlobalSection
	GlobalSection(SolutionProperties) = preSolution
		HideSolutionNode = FALSE
	EndGlobalSection
	GlobalSection(ExtensibilityGlobals) = postSolution
		SolutionGuid = {85817F23-FD1F-4114-8782-0D2CFCD00468}
	EndGlobalSection
EndGlobal
